
Microsoft Visual Studio Solution File, Format Version 12.00
# Visual Studio Version 17
VisualStudioVersion = 17.0.31903.59
MinimumVisualStudioVersion = 10.0.40219.1
Project("{FAE04EC0-301F-11D3-BF4B-00C04F79EFBC}") = "Build", "Build\Build.csproj", "{3B8BC913-0ED7-4545-970C-F60DBC985528}"
EndProject
Project("{FAE04EC0-301F-11D3-BF4B-00C04F79EFBC}") = "Tests", "Tests\Tests.csproj", "{A80AD3A5-3FEB-4CFB-A181-89B0D3FC9229}"
EndProject
Global
	GlobalSection(SolutionConfigurationPlatforms) = preSolution
		Debug|Any CPU = Debug|Any CPU
		Release|Any CPU = Release|Any CPU
	EndGlobalSection
	GlobalSection(SolutionProperties) = preSolution
		HideSolutionNode = FALSE
	EndGlobalSection
	GlobalSection(ProjectConfigurationPlatforms) = postSolution
		{3B8BC913-0ED7-4545-970C-F60DBC985528}.Debug|Any CPU.ActiveCfg = Debug|Any CPU
		{3B8BC913-0ED7-4545-970C-F60DBC985528}.Debug|Any CPU.Build.0 = Debug|Any CPU
		{3B8BC913-0ED7-4545-970C-F60DBC985528}.Release|Any CPU.ActiveCfg = Release|Any CPU
		{3B8BC913-0ED7-4545-970C-F60DBC985528}.Release|Any CPU.Build.0 = Release|Any CPU
		{D7A64694-7AB4-48DC-BE7B-43B75B5878D0}.Debug|Any CPU.ActiveCfg = Debug|Any CPU
		{D7A64694-7AB4-48DC-BE7B-43B75B5878D0}.Debug|Any CPU.Build.0 = Debug|Any CPU
		{D7A64694-7AB4-48DC-BE7B-43B75B5878D0}.Release|Any CPU.ActiveCfg = Release|Any CPU
		{D7A64694-7AB4-48DC-BE7B-43B75B5878D0}.Release|Any CPU.Build.0 = Release|Any CPU
		{A80AD3A5-3FEB-4CFB-A181-89B0D3FC9229}.Debug|Any CPU.ActiveCfg = Debug|Any CPU
		{A80AD3A5-3FEB-4CFB-A181-89B0D3FC9229}.Debug|Any CPU.Build.0 = Debug|Any CPU
		{A80AD3A5-3FEB-4CFB-A181-89B0D3FC9229}.Release|Any CPU.ActiveCfg = Release|Any CPU
		{A80AD3A5-3FEB-4CFB-A181-89B0D3FC9229}.Release|Any CPU.Build.0 = Release|Any CPU
	EndGlobalSection
EndGlobal
